# This file is autogenerated, do not edit; changes may be undone by the next 'dep ensure'.


[[projects]]
  branch = "fix/imports"
  digest = "1:0cd1f4708582c6e412ff5c54a7e7282223d2e7c49ffd125414f44eea52f4f2da"
  name = "github.com/RTradeLtd/go-garlic-tcp-transport"
  packages = [
    ".",
    "codec",
    "common",
    "conn",
  ]
  pruneopts = "UT"
  revision = "4af796e82c0b21225fb06c5c251ed323ccd0fadd"

[[projects]]
  branch = "master"
  digest = "1:f16848a675bea0b55541f413a0eeda0142ef95a4beaa2c86ef26ae9979387285"
  name = "github.com/RTradeLtd/sam3"
  packages = ["."]
  pruneopts = "UT"
  revision = "b81d625bea38b616a0bae7b0163cfaa06728fc0a"

[[projects]]
  branch = "master"
  digest = "1:093bf93a65962e8191e3e8cd8fc6c363f83d43caca9739c906531ba7210a9904"
  name = "github.com/btcsuite/btcd"
  packages = ["btcec"]
  pruneopts = "UT"
  revision = "12ce2fc7d32197bf00739e4167128285ae250124"

[[projects]]
  branch = "master"
  digest = "1:3eef75512db1fa9d1fb4e20cf57122e2dcc960e33906d188e9fc3c8ac52c3612"
  name = "github.com/eyedeekay/sam-forwarder"
  packages = [
    ".",
    "i2pkeys",
    "i2pkeys/keys",
  ]
  pruneopts = "UT"
  revision = "8b4b86b3ee5a6adb3b051d3624cb53e1ee5d327d"

[[projects]]
  branch = "master"
  digest = "1:44adaf774d425b65be0200a9855a2261ff70d641ebf7f15f9a3dde6bce798e83"
  name = "github.com/eyedeekay/sam3"
  packages = ["."]
  pruneopts = "UT"
  revision = "337bae09563f9db355fec32525d18e70e5da72c9"

[[projects]]
  branch = "master"
  digest = "1:c183111eaf02a9e6bb39c213bdfb5472b16f1955dd4c9dab82db83f114c64a63"
  name = "github.com/facebookgo/atomicfile"
  packages = ["."]
  pruneopts = "UT"
  revision = "2de1f203e7d5e386a6833233882782932729f27e"

[[projects]]
  digest = "1:a9c85389dbd301c97a3499fe15a2b65b505b5f0cb0f1120dea59f1f3d6b11d96"
  name = "github.com/gogo/protobuf"
  packages = [
    "gogoproto",
    "proto",
    "protoc-gen-gogo/descriptor",
  ]
  pruneopts = "UT"
  revision = "4cbf7e384e768b4e01799441fdf2a706a5635ae7"
  version = "v1.2.0"

[[projects]]
  digest = "1:582b704bebaa06b48c29b0cec224a6058a09c86883aaddabde889cd1a5f73e1b"
  name = "github.com/google/uuid"
  packages = ["."]
  pruneopts = "UT"
  revision = "0cd6bf5da1e1c83f8b45653022c74f71af0538a4"
  version = "v1.1.1"

[[projects]]
  branch = "master"
  digest = "1:aed2e9b126305bbbe630edd83e25d8c49a19bf5663ec412d7bf54a5e262e5814"
  name = "github.com/gtank/cryptopasta"
  packages = ["."]
  pruneopts = "UT"
  revision = "1f550f6f2f69009f6ae57347c188e0a67cd4e500"

[[projects]]
  branch = "master"
  digest = "1:e3ddd1f59d3c84917c99ecb1c3420aa6899f6df7495ba9414c13732b2e9568dd"
  name = "github.com/gxed/hashland"
  packages = ["keccakpg"]
  pruneopts = "UT"
  revision = "d9f6b97f8db22dd1e090fd0bbbe98f09cc7dd0a8"

[[projects]]
  digest = "1:d15ee511aa0f56baacc1eb4c6b922fa1c03b38413b6be18166b996d82a0156ea"
  name = "github.com/hashicorp/golang-lru"
  packages = [
    ".",
    "simplelru",
  ]
  pruneopts = "UT"
  revision = "7087cb70de9f7a8bc0a10c375cb0d2280a8edf9c"
  version = "v0.5.1"

[[projects]]
  digest = "1:fe9aa4ac8c8d9bf5eaec1a8dd8c029f2cecd1c4ad91072b7ac99ecb44ff66910"
  name = "github.com/ipfs/bbloom"
  packages = ["."]
  pruneopts = "UT"
  revision = "4492942caf937893b9cf1ebba71c297beda904b2"
  version = "v0.0.1"

[[projects]]
  digest = "1:97b7b1549d94c885626167359549d9164bb35a9a584faa7c3a576909be0ea37f"
  name = "github.com/ipfs/go-block-format"
  packages = ["."]
  pruneopts = "UT"
  revision = "9e46c0dce5d9a041b8ea1eed8ca924b36355c61b"
  version = "v0.0.2"

[[projects]]
  digest = "1:436923060f1b2d9c69e08904fec5d0baa34514d0cd4fbfef258e73b8afa0be5e"
  name = "github.com/ipfs/go-blockservice"
  packages = ["."]
  pruneopts = "UT"
  revision = "2a4abcdcc1c6ce87cae854fc6178bad5b3be5572"
  version = "v0.0.1"

[[projects]]
  digest = "1:ff780041e005869242b2cf977f1d4fa3b8f9bdd302fd254b4a19f78502a6ee10"
  name = "github.com/ipfs/go-cid"
  packages = ["."]
  pruneopts = "UT"
  revision = "e7e67e08cfba888a4297224402e12832bdc15ea0"
  version = "v0.0.1"

[[projects]]
  digest = "1:f1941ddf5b39101c47cb3c5e4eee485a4e1349aae9a890919799a436763bf2ac"
  name = "github.com/ipfs/go-datastore"
  packages = [
    ".",
    "keytransform",
    "mount",
    "namespace",
    "query",
  ]
  pruneopts = "UT"
  revision = "1b371980cb3fe9edba40c0f0584042e5cb4477a4"
  version = "v0.0.1"

[[projects]]
  digest = "1:afbc88b3730097cd76ea72695941270547a5b3ed00d870ee0612897ac9943d79"
  name = "github.com/ipfs/go-ds-measure"
  packages = ["."]
  pruneopts = "UT"
  revision = "a74729db656decb31c9d0546aef893eaeb4247f7"
  version = "v0.0.1"

[[projects]]
  digest = "1:bc3ed1378495622fd5eba7b63c86c10af1e5c4c1ae8642ab85b994ed89cf08bf"
  name = "github.com/ipfs/go-fs-lock"
  packages = ["."]
  pruneopts = "UT"
  revision = "66f8794e4aed94004486434cf8bf815e5991a0a4"
  version = "v0.0.1"

[[projects]]
  branch = "master"
  digest = "1:76f456900c5840f5bd4b94f4ee80cc9375bf02cdeae6892ab977eb4cb1a40327"
  name = "github.com/ipfs/go-ipfs"
  packages = [
    "core/coredag",
    "filestore",
    "filestore/pb",
    "keystore",
    "plugin",
    "repo",
    "repo/common",
    "repo/fsrepo",
    "repo/fsrepo/migrations",
    "thirdparty/dir",
  ]
  pruneopts = "UT"
  revision = "3702368fe364841a8c285efd40111fa536b58eef"

[[projects]]
  digest = "1:cfecb1f62c703a0b4651b4c98c2b9c7645f2f062038208ad25060a77c9ae7e5d"
  name = "github.com/ipfs/go-ipfs-addr"
  packages = ["."]
  pruneopts = "UT"
  revision = "ac4881d4db36effbbeebf93d9172fcb20ed04c15"
  version = "v0.0.1"

[[projects]]
  digest = "1:429edc38cba9210059680d94ed67a8552632025635e666e112313986de135d74"
  name = "github.com/ipfs/go-ipfs-blockstore"
  packages = ["."]
  pruneopts = "UT"
  revision = "8d6a694a33d2729a94d848208c75d117b77c3492"
  version = "v0.0.1"

[[projects]]
  digest = "1:33f0dba361152df45dbe16c20baa14d53a14378738589fd0f4a0055f154a4d7a"
  name = "github.com/ipfs/go-ipfs-config"
  packages = [
    ".",
    "serialize",
  ]
  pruneopts = "UT"
  revision = "355e5f1c516b56e0a6a64c20975bc97d4952d2d5"
  version = "v0.0.1"

[[projects]]
  digest = "1:0fcfbb9a7c8245d19d5a79c13ad702201c1d9cd8ca79619379a22845de723278"
  name = "github.com/ipfs/go-ipfs-ds-help"
  packages = ["."]
  pruneopts = "UT"
  revision = "4a69beb72c1b4e6e7ed62c5c5cbc1bd7a3d219b2"
  version = "v0.0.1"

[[projects]]
  digest = "1:c8bc4cbd7b94d84784f6f99cca35ebedebb5f9ded2d561e4130d8c67cc5127b0"
  name = "github.com/ipfs/go-ipfs-exchange-interface"
  packages = ["."]
  pruneopts = "UT"
  revision = "b6e88260772433e18af18bb3f237d78678e65f0b"
  version = "v0.0.1"

[[projects]]
  digest = "1:b339bad919aeac5c8497e2d9607c698df54371fe30eb3c211473012142d524eb"
  name = "github.com/ipfs/go-ipfs-files"
  packages = ["."]
  pruneopts = "UT"
  revision = "946ef0a5786be40d226979e960899c6af16e9a75"
  version = "v0.0.1"

[[projects]]
  digest = "1:990c3a92954ef12159a3564533e63edc53feeadcb513930250351b919c6756f5"
  name = "github.com/ipfs/go-ipfs-posinfo"
  packages = ["."]
  pruneopts = "UT"
  revision = "19b0f52f6bd140be93fb568203586a165eb1aadf"
  version = "v0.0.1"

[[projects]]
  digest = "1:aae82c244bd91107575a0244a29e82e34ba23e06b6892557e33728de48deba96"
  name = "github.com/ipfs/go-ipfs-util"
  packages = ["."]
  pruneopts = "UT"
  revision = "10d786c5ed859afd22223df76a89bf57b24b2ee1"
  version = "v1.2.8"

[[projects]]
  digest = "1:53f917e28732fbb5c1f24e368af2f03edbd3547dfe6e6a252b3727ce9f18f9cd"
  name = "github.com/ipfs/go-ipld-cbor"
  packages = [
    ".",
    "encoding",
  ]
  pruneopts = "UT"
  revision = "e63450c54844e1bfe509b17cc73071c4ab150ef0"
  version = "v0.0.1"

[[projects]]
  digest = "1:a64b5e2c43d7a8a9bbda0d8519dca1841cdd7e352ffd059cf2a8fa06978ec5d1"
  name = "github.com/ipfs/go-ipld-format"
  packages = ["."]
  pruneopts = "UT"
  revision = "e6e9ea4d16a85d09cafb4dace15b978e984fa672"
  version = "v0.0.1"

[[projects]]
  digest = "1:43248b562ac2508990699768e9e0c3d8073c2d0081a5f2dbdc5efd727d9ed426"
  name = "github.com/ipfs/go-log"
  packages = [
    ".",
    "tracer",
    "tracer/wire",
    "writer",
  ]
  pruneopts = "UT"
  revision = "14e95105cbafcda64fdc36197fe6a30b23c693dc"
  version = "v1.5.7"

[[projects]]
  digest = "1:2a0a558512c952db14c161e7faa7fb9d607d990e335c7bd6d2422f3d100ea7a4"
  name = "github.com/ipfs/go-merkledag"
  packages = [
    ".",
    "pb",
  ]
  pruneopts = "UT"
  revision = "d76ea28263c01e3164b39097abc13b6a1a5b8f06"
  version = "v0.0.1"

[[projects]]
  digest = "1:2de37461901377cb21aae96aab4ca67ebbb6d77e5f140c8f376eb566b7805365"
  name = "github.com/ipfs/go-metrics-interface"
  packages = ["."]
  pruneopts = "UT"
  revision = "87aa106f53272f064ca7956a6db83f17a553f254"
  version = "v0.0.1"

[[projects]]
  digest = "1:57bb81595e098df73d0e9018fdd7c8f32db46a2cd7fcc74e6404b6fd7a7d8c84"
  name = "github.com/ipfs/go-path"
  packages = ["."]
  pruneopts = "UT"
  revision = "95361c4d70142d87d572080aaa120790af20df5e"
  version = "v0.0.1"

[[projects]]
  digest = "1:f9f70ce64f324338a71937b81544c3bc2825848ac485d112ef4bed61eff76062"
  name = "github.com/ipfs/go-unixfs"
  packages = [
    ".",
    "pb",
  ]
  pruneopts = "UT"
  revision = "e337258f39e4d4510a9132459fa7ee29359cd5c7"
  version = "v0.0.1"

[[projects]]
  digest = "1:78438260483c355139f9d83830a88ecd69578904f0f288134d3a95786c4f0864"
  name = "github.com/ipfs/go-verifcid"
  packages = ["."]
  pruneopts = "UT"
  revision = "34e41ba962e7ce0211a05915f788486c8db755f1"
  version = "v0.0.1"

[[projects]]
  digest = "1:24fb34c61a5be51ea5355492af8aa9a6aad7ace1246939e70d1105b6b5da791d"
  name = "github.com/ipfs/interface-go-ipfs-core"
  packages = [
    ".",
    "options",
    "options/namesys",
  ]
  pruneopts = "UT"
  revision = "cec7292c1392a3d973df9220c8d53afa45e12145"
  version = "v0.0.1"

[[projects]]
  branch = "master"
  digest = "1:d4f705e1c80842d93039d360b5f240099c2c9f835daa8d32dc3e899fbd8ff2b4"
  name = "github.com/jbenet/goprocess"
  packages = ["."]
  pruneopts = "UT"
  revision = "b497e2f366b8624394fb2e89c10ab607bebdde0b"

[[projects]]
  digest = "1:43d92dca90cd6c7096383a0a8bf4b7af6cb0a8f97c44558a5bb2d386a626367d"
  name = "github.com/libp2p/go-libp2p-crypto"
  packages = [
    ".",
    "pb",
  ]
  pruneopts = "UT"
  revision = "a3075f70fa87dfd2b8dae2c80c6908bb3aa1bc77"
  version = "v2.0.5"

[[projects]]
  digest = "1:8a2a4db6d6708ebb5c9b79c1b51019c1d52025aebb5d3819c697a8d6515cfdca"
  name = "github.com/libp2p/go-libp2p-net"
  packages = ["."]
  pruneopts = "UT"
  revision = "22c96766db92ab111e506ebcd9cc6511ed32e553"
  version = "v3.0.15"

[[projects]]
  digest = "1:d59d3f32a53e3d1ef4f19f92c8f4cbccabfae6c965760577958b2fb937fede98"
  name = "github.com/libp2p/go-libp2p-peer"
  packages = ["."]
  pruneopts = "UT"
  revision = "dd9b45c0649b38aebe65f98cb460676b4214a42c"
  version = "v2.4.0"

[[projects]]
  digest = "1:66c0ae83a18e393a2b6ae7c56d848380e29b3f40ca2e0ba4442e7f3c227573ea"
  name = "github.com/libp2p/go-libp2p-peerstore"
  packages = ["."]
  pruneopts = "UT"
  revision = "6295e61c9fd2f13ad159c6241be3b371918045e2"
  version = "v2.0.6"

[[projects]]
  digest = "1:99c29233479cb14a63c7cb6b49927a60ae9d6b4b36d74deb12cc45ce503ddeb5"
  name = "github.com/libp2p/go-libp2p-protocol"
  packages = ["."]
  pruneopts = "UT"
  revision = "e34f0d7468b3519bf9bf4e43c1d028ce651eab51"
  version = "v1.0.0"

[[projects]]
  digest = "1:8c90f8b9d62ea464fe296180e857c497c5817ade1a7981b81f9a27fa43c05f34"
  name = "github.com/libp2p/go-libp2p-transport"
  packages = ["."]
  pruneopts = "UT"
  revision = "e6d021be15cb2bfc73fb24d3b16848bc2825bbf6"
  version = "v3.0.15"

[[projects]]
  digest = "1:6dab34eae15e82d15c17cedabb7d641b62731cc5c7a3ed233dba226f8e5cb688"
  name = "github.com/libp2p/go-stream-muxer"
  packages = ["."]
  pruneopts = "UT"
  revision = "2ba231669cdd8d310277307dec6ced95a190c495"
  version = "v3.0.1"

[[projects]]
  digest = "1:0f96ec4151a24d7bfd4298fc13cc320a000e31b4e5431cf88e3ffc961db846fd"
  name = "github.com/mattn/go-colorable"
  packages = ["."]
  pruneopts = "UT"
  revision = "efa589957cd060542a26d2dd7832fd6a6c6c3ade"
  version = "v0.1.0"

[[projects]]
  digest = "1:0981502f9816113c9c8c4ac301583841855c8cf4da8c72f696b3ebedf6d0e4e5"
  name = "github.com/mattn/go-isatty"
  packages = ["."]
  pruneopts = "UT"
  revision = "6ca4dbf54d38eea1a992b3c722a76a5d1c4cb25c"
  version = "v0.0.4"

[[projects]]
  branch = "master"
  digest = "1:130cefe87d7eeefc824978dcb78e35672d4c49a11f25c153fbf0cfd952756fa3"
  name = "github.com/minio/blake2b-simd"
  packages = ["."]
  pruneopts = "UT"
  revision = "3f5f724cb5b182a5c278d6d3d55b40e7f8c2efb4"

[[projects]]
  branch = "master"
  digest = "1:eea9588ebf4cf89c7da8360e8d19627b74b78eec74df6df9e0c5defcee4f3617"
  name = "github.com/minio/sha256-simd"
  packages = ["."]
  pruneopts = "UT"
  revision = "2d45a736cd16732fe6a57563cc20d8b035193e58"

[[projects]]
  digest = "1:5d231480e1c64a726869bc4142d270184c419749d34f167646baa21008eb0a79"
  name = "github.com/mitchellh/go-homedir"
  packages = ["."]
  pruneopts = "UT"
  revision = "af06845cf3004701891bf4fdb884bfe4920b3727"
  version = "v1.1.0"

[[projects]]
  digest = "1:cf5b7fbff2c87cff6c0e11f87b30edc21abc6592e6a76f41003ca6d5a712cf48"
  name = "github.com/mr-tron/base58"
  packages = ["base58"]
  pruneopts = "UT"
  revision = "89529c6904fcd077434931b4eac8b4b2f0991baf"
  version = "v1.1.0"

[[projects]]
  digest = "1:b9fe622bbadbb060338620752b1cb3aa1473855071195ebe83813af5ebb3629b"
  name = "github.com/multiformats/go-base32"
  packages = ["."]
  pruneopts = "UT"
  revision = "a9c2755c3d1672dbe6a7e4a5d182169fa30b6a8e"
  version = "v0.0.3"

[[projects]]
  branch = "master"
  digest = "1:b2e02cbee843d6aa42a31f1ce7650ca143fb8ba639e759262dea65f456d0c1b6"
  name = "github.com/multiformats/go-multiaddr"
  packages = ["."]
  pruneopts = "UT"
  revision = "152990b98bf9dce961ca2aefb1002cd96cfff6cb"

[[projects]]
  digest = "1:555234f024280947ee62e4e911f367fd8b1cad57490108076e2578ec7dde5075"
  name = "github.com/multiformats/go-multiaddr-dns"
  packages = ["."]
  pruneopts = "UT"
  revision = "317a9bc842d426da4d878690625babb26d64e73b"
  version = "v0.2.5"

[[projects]]
  digest = "1:1c4181064829e6ee76dcabc2d41f3ed825410027de1bc5a41681671144ff4add"
  name = "github.com/multiformats/go-multiaddr-net"
  packages = ["."]
  pruneopts = "UT"
  revision = "c75d1cac17a0d84dbf8b2c53c61f0ebf0575183a"
  version = "v1.7.1"

[[projects]]
  digest = "1:8f2a32f6d211bf2685d5c47ace5d6b59bd4359f69e92b632793d066129a65c4e"
  name = "github.com/multiformats/go-multibase"
  packages = ["."]
  pruneopts = "UT"
  revision = "d63641945dc1749baa23686ad0564ad63fef0493"
  version = "v0.0.1"

[[projects]]
  digest = "1:c0ea71365e7d0e63a2e8f48e6fc2ba92f2f2b739bbeb3cdabdcd719037e175c2"
  name = "github.com/multiformats/go-multihash"
  packages = ["."]
  pruneopts = "UT"
  revision = "8be2a682ab9f254311de1375145a2f78a809b07d"
  version = "v1.0.8"

[[projects]]
  digest = "1:450b7623b185031f3a456801155c8320209f75d0d4c4e633c6b1e59d44d6e392"
  name = "github.com/opentracing/opentracing-go"
  packages = [
    ".",
    "ext",
    "log",
  ]
  pruneopts = "UT"
  revision = "1949ddbfd147afd4d964a9f00b24eb291e0e7c38"
  version = "v1.0.2"

[[projects]]
  branch = "master"
  digest = "1:81cabf22b8b73b50524e3d0779a2330384218768d4ba7b1d6446ef3bbb09ae8c"
  name = "github.com/polydawn/refmt"
  packages = [
    ".",
    "cbor",
    "json",
    "obj",
    "obj/atlas",
    "pretty",
    "shared",
    "tok",
  ]
  pruneopts = "UT"
  revision = "df39d6c2d9927373b43de256531d24ade9884f98"

[[projects]]
  digest = "1:919bb3aa6d9d0b67648c219fa4925312bc3c2872da19e818fa769e9c97a2b643"
  name = "github.com/spaolacci/murmur3"
  packages = ["."]
  pruneopts = "UT"
  revision = "9f5d223c60793748f04a9d5b4b4eacddfc1f755d"
  version = "v1.1"

[[projects]]
  branch = "master"
  digest = "1:0102dfa2f98777db8ff68c920bef1be3ff8504e90485b6cdd24d61b981b487b6"
  name = "github.com/whyrusleeping/go-logging"
  packages = ["."]
  pruneopts = "UT"
  revision = "0457bb6b88fc1973573aaf6b5145d8d3ae972390"

[[projects]]
  branch = "master"
  digest = "1:52796c672f9529f506ac63c10bf44072c8156cb2c85c0784a8b8ccb164e94903"
  name = "go4.org"
  packages = ["lock"]
  pruneopts = "UT"
  revision = "ce4c26f7be8eb27dc77f996b08d286dd80bc4a01"

[[projects]]
  branch = "master"
  digest = "1:ba29055e11253ea065e12d22556712b70b6b7b16bd0fbaca75c59e69aeddf402"
  name = "golang.org/x/crypto"
  packages = [
    "bcrypt",
    "blake2s",
    "blowfish",
    "ed25519",
    "ed25519/internal/edwards25519",
    "sha3",
  ]
  pruneopts = "UT"
  revision = "193df9c0f06f8bb35fba505183eaf0acc0136505"

[[projects]]
  branch = "master"
  digest = "1:76ee51c3f468493aff39dbacc401e8831fbb765104cbf613b89bef01cf4bad70"
  name = "golang.org/x/net"
  packages = ["context"]
  pruneopts = "UT"
  revision = "65e2d4e15006aab9813ff8769e768bbf4bb667a0"

[[projects]]
  branch = "master"
  digest = "1:f11a2dc61aae6c601dc075fb0f9ecda1743a9c644d91e37af2c729a399ef17fc"
  name = "golang.org/x/sys"
  packages = [
    "cpu",
    "unix",
    "windows",
  ]
  pruneopts = "UT"
  revision = "3b5209105503162ded1863c307ac66fec31120dd"

[solve-meta]
  analyzer-name = "dep"
  analyzer-version = 1
  input-imports = [
    "github.com/RTradeLtd/go-garlic-tcp-transport",
    "github.com/eyedeekay/sam-forwarder",
    "github.com/ipfs/go-ipfs-config",
    "github.com/ipfs/go-ipfs-config/serialize",
    "github.com/ipfs/go-ipfs-util",
    "github.com/ipfs/go-ipfs/plugin",
    "github.com/ipfs/go-ipfs/repo/fsrepo",
    "github.com/ipfs/interface-go-ipfs-core",
    "github.com/mitchellh/go-homedir",
    "github.com/multiformats/go-multiaddr",
  ]
  solver-name = "gps-cdcl"
  solver-version = 1
