# This file is autogenerated, do not edit; changes may be undone by the next 'dep ensure'.


[[projects]]
  branch = "master"
  digest = "1:c15bc0691dd21e34745b0ca6e9061600d2882e5b77d21c4cc69dc2b9d7228346"
  name = "github.com/RTradeLtd/go-ipfs-plugin-i2p-bootstrap"
  packages = ["i2p"]
  pruneopts = "UT"
  revision = "c2c1d58accf3171918f6d2c3b7a7448800920a6f"

[[projects]]
  branch = "master"
  digest = "1:3eef75512db1fa9d1fb4e20cf57122e2dcc960e33906d188e9fc3c8ac52c3612"
  name = "github.com/eyedeekay/sam-forwarder"
  packages = [
    ".",
    "i2pkeys",
    "i2pkeys/keys",
  ]
  pruneopts = "UT"
  revision = "8b4b86b3ee5a6adb3b051d3624cb53e1ee5d327d"

[[projects]]
  branch = "master"
  digest = "1:2961f13e96f9b3254d357fee455c1553ed40f9b2157a6621a48808f35752abb9"
  name = "github.com/eyedeekay/sam3"
  packages = ["."]
  pruneopts = "UT"
  revision = "917c6a7c493e739e6084f77af05651d4c26f4c12"

[[projects]]
  branch = "master"
  digest = "1:aed2e9b126305bbbe630edd83e25d8c49a19bf5663ec412d7bf54a5e262e5814"
  name = "github.com/gtank/cryptopasta"
  packages = ["."]
  pruneopts = "UT"
  revision = "1f550f6f2f69009f6ae57347c188e0a67cd4e500"

[[projects]]
  digest = "1:43c609cba7aa615eaae5aa8f2ddba65dc1b2d3af7bc434f738238df8d3797ddb"
  name = "github.com/gxed/hashland"
  packages = [
    "keccakpg",
    "murmur3",
  ]
  pruneopts = "UT"
  revision = "a72cc0875a1e95edd309d3134bc7c11bf2d7360b"
  version = "v0.0.1"

[[projects]]
  digest = "1:659edf943d7db693ddf2f7dd145b5d1a81be2ad42f5000b7ca2c98bbc5662078"
  name = "github.com/ipfs/go-ipfs"
  packages = [
    "core/coredag",
    "filestore",
    "filestore/pb",
    "keystore",
    "plugin",
    "repo",
    "repo/common",
    "repo/fsrepo",
    "repo/fsrepo/migrations",
    "thirdparty/dir",
  ]
  pruneopts = "UT"
  revision = "83d3f7672b82ccb03e4c106d93e9dadc6427f246"
  version = "v0.4.19"

[[projects]]
  digest = "1:0b4439ae69776549e6489b261f66894a1390140dad53f1c3b1fbfc074478590d"
  name = "github.com/ipfs/go-ipfs-util"
  packages = ["."]
  pruneopts = "UT"
  revision = "a4bb5361e49427531f9a716ead2ce4bd9bdd7959"
  version = "v0.0.1"

[[projects]]
  branch = "master"
  digest = "1:130cefe87d7eeefc824978dcb78e35672d4c49a11f25c153fbf0cfd952756fa3"
  name = "github.com/minio/blake2b-simd"
  packages = ["."]
  pruneopts = "UT"
  revision = "3f5f724cb5b182a5c278d6d3d55b40e7f8c2efb4"

[[projects]]
  branch = "master"
  digest = "1:eea9588ebf4cf89c7da8360e8d19627b74b78eec74df6df9e0c5defcee4f3617"
  name = "github.com/minio/sha256-simd"
  packages = ["."]
  pruneopts = "UT"
  revision = "2d45a736cd16732fe6a57563cc20d8b035193e58"

[[projects]]
  digest = "1:5d231480e1c64a726869bc4142d270184c419749d34f167646baa21008eb0a79"
  name = "github.com/mitchellh/go-homedir"
  packages = ["."]
  pruneopts = "UT"
  revision = "af06845cf3004701891bf4fdb884bfe4920b3727"
  version = "v1.1.0"

[[projects]]
  digest = "1:cf5b7fbff2c87cff6c0e11f87b30edc21abc6592e6a76f41003ca6d5a712cf48"
  name = "github.com/mr-tron/base58"
  packages = ["base58"]
  pruneopts = "UT"
  revision = "89529c6904fcd077434931b4eac8b4b2f0991baf"
  version = "v1.1.0"

[[projects]]
  digest = "1:4fb02614401f3511d3c76482b6bc626a307811d53df34610ce5ded5ad83fa05d"
  name = "github.com/multiformats/go-multiaddr"
  packages = ["."]
  pruneopts = "UT"
  revision = "ce21123d5172669bbf37a166078bc5f9d345ec2f"
  version = "v0.0.2"

[[projects]]
  digest = "1:f5768e1617d15c776111ba72645780a4f3e4395b00cd92aee08118a813681fa2"
  name = "github.com/multiformats/go-multihash"
  packages = ["."]
  pruneopts = "UT"
  revision = "6b439b7c6e3c44c112171540500be697ba235235"
  version = "v0.0.1"

[[projects]]
  branch = "master"
  digest = "1:b62077a7e19be529ccbb53c03b8d3407f206ffccf1d7d926c7ebc9fc77a14e7a"
  name = "golang.org/x/crypto"
  packages = [
    "bcrypt",
    "blake2s",
    "blowfish",
    "sha3",
  ]
  pruneopts = "UT"
  revision = "8dd112bcdc25174059e45e07517d9fc663123347"

[[projects]]
  branch = "master"
  digest = "1:5179fde7a9603edf900af00ba8934e67d1ab0408f27e3e573a868f5f663585a7"
  name = "golang.org/x/sys"
  packages = ["cpu"]
  pruneopts = "UT"
  revision = "584f3b12f43e1e55248c90e84804777009eed0a4"

[solve-meta]
  analyzer-name = "dep"
  analyzer-version = 1
  input-imports = [
    "github.com/RTradeLtd/go-ipfs-plugin-i2p-bootstrap/i2p",
    "github.com/eyedeekay/sam-forwarder",
    "github.com/ipfs/go-ipfs-util",
    "github.com/ipfs/go-ipfs/plugin",
    "github.com/ipfs/go-ipfs/repo/fsrepo",
    "github.com/mitchellh/go-homedir",
    "github.com/multiformats/go-multiaddr",
  ]
  solver-name = "gps-cdcl"
  solver-version = 1
